
Microsoft Visual Studio Solution File, Format Version 12.00
# Visual Studio 15
VisualStudioVersion = 15.0.26430.6
MinimumVisualStudioVersion = 10.0.40219.1
Project("{D954291E-2A0B-460D-934E-DC6B0785DB48}") = "BonchApp", "BonchApp\BonchApp\BonchApp.shproj", "{C302408B-4055-4CA4-90DD-93CF16D10085}"
EndProject
Project("{FAE04EC0-301F-11D3-BF4B-00C04F79EFBC}") = "BonchApp.Android", "BonchApp\BonchApp.Android\BonchApp.Android.csproj", "{CC2320CB-5FD6-4DF9-BD27-ADA69A61EB31}"
EndProject
Project("{FAE04EC0-301F-11D3-BF4B-00C04F79EFBC}") = "BonchApp.iOS", "BonchApp\BonchApp.iOS\BonchApp.iOS.csproj", "{5DD2F38C-5A71-493A-B9A0-B0F0369C1E54}"
EndProject
Global
	GlobalSection(SharedMSBuildProjectFiles) = preSolution
		BonchApp\BonchApp\BonchApp.projitems*{5dd2f38c-5a71-493a-b9a0-b0f0369c1e54}*SharedItemsImports = 4
		BonchApp\BonchApp\BonchApp.projitems*{c302408b-4055-4ca4-90dd-93cf16d10085}*SharedItemsImports = 13
	EndGlobalSection
	GlobalSection(SolutionConfigurationPlatforms) = preSolution
		Debug|Any CPU = Debug|Any CPU
		Debug|iPhone = Debug|iPhone
		Debug|iPhoneSimulator = Debug|iPhoneSimulator
		Release|Any CPU = Release|Any CPU
		Release|iPhone = Release|iPhone
		Release|iPhoneSimulator = Release|iPhoneSimulator
	EndGlobalSection
	GlobalSection(ProjectConfigurationPlatforms) = postSolution
		{CC2320CB-5FD6-4DF9-BD27-ADA69A61EB31}.Debug|Any CPU.ActiveCfg = Debug|Any CPU
		{CC2320CB-5FD6-4DF9-BD27-ADA69A61EB31}.Debug|Any CPU.Build.0 = Debug|Any CPU
		{CC2320CB-5FD6-4DF9-BD27-ADA69A61EB31}.Debug|Any CPU.Deploy.0 = Debug|Any CPU
		{CC2320CB-5FD6-4DF9-BD27-ADA69A61EB31}.Debug|iPhone.ActiveCfg = Debug|Any CPU
		{CC2320CB-5FD6-4DF9-BD27-ADA69A61EB31}.Debug|iPhone.Build.0 = Debug|Any CPU
		{CC2320CB-5FD6-4DF9-BD27-ADA69A61EB31}.Debug|iPhone.Deploy.0 = Debug|Any CPU
		{CC2320CB-5FD6-4DF9-BD27-ADA69A61EB31}.Debug|iPhoneSimulator.ActiveCfg = Debug|Any CPU
		{CC2320CB-5FD6-4DF9-BD27-ADA69A61EB31}.Debug|iPhoneSimulator.Build.0 = Debug|Any CPU
		{CC2320CB-5FD6-4DF9-BD27-ADA69A61EB31}.Debug|iPhoneSimulator.Deploy.0 = Debug|Any CPU
		{CC2320CB-5FD6-4DF9-BD27-ADA69A61EB31}.Release|Any CPU.ActiveCfg = Release|Any CPU
		{CC2320CB-5FD6-4DF9-BD27-ADA69A61EB31}.Release|Any CPU.Build.0 = Release|Any CPU
		{CC2320CB-5FD6-4DF9-BD27-ADA69A61EB31}.Release|Any CPU.Deploy.0 = Release|Any CPU
		{CC2320CB-5FD6-4DF9-BD27-ADA69A61EB31}.Release|iPhone.ActiveCfg = Release|Any CPU
		{CC2320CB-5FD6-4DF9-BD27-ADA69A61EB31}.Release|iPhone.Build.0 = Release|Any CPU
		{CC2320CB-5FD6-4DF9-BD27-ADA69A61EB31}.Release|iPhone.Deploy.0 = Release|Any CPU
		{CC2320CB-5FD6-4DF9-BD27-ADA69A61EB31}.Release|iPhoneSimulator.ActiveCfg = Release|Any CPU
		{CC2320CB-5FD6-4DF9-BD27-ADA69A61EB31}.Release|iPhoneSimulator.Build.0 = Release|Any CPU
		{CC2320CB-5FD6-4DF9-BD27-ADA69A61EB31}.Release|iPhoneSimulator.Deploy.0 = Release|Any CPU
		{5DD2F38C-5A71-493A-B9A0-B0F0369C1E54}.Debug|Any CPU.ActiveCfg = Debug|iPhone
		{5DD2F38C-5A71-493A-B9A0-B0F0369C1E54}.Debug|iPhone.ActiveCfg = Debug|iPhone
		{5DD2F38C-5A71-493A-B9A0-B0F0369C1E54}.Debug|iPhone.Build.0 = Debug|iPhone
		{5DD2F38C-5A71-493A-B9A0-B0F0369C1E54}.Debug|iPhoneSimulator.ActiveCfg = Debug|iPhoneSimulator
		{5DD2F38C-5A71-493A-B9A0-B0F0369C1E54}.Debug|iPhoneSimulator.Build.0 = Debug|iPhoneSimulator
		{5DD2F38C-5A71-493A-B9A0-B0F0369C1E54}.Release|Any CPU.ActiveCfg = Release|iPhone
		{5DD2F38C-5A71-493A-B9A0-B0F0369C1E54}.Release|iPhone.ActiveCfg = Release|iPhone
		{5DD2F38C-5A71-493A-B9A0-B0F0369C1E54}.Release|iPhone.Build.0 = Release|iPhone
		{5DD2F38C-5A71-493A-B9A0-B0F0369C1E54}.Release|iPhoneSimulator.ActiveCfg = Release|iPhoneSimulator
		{5DD2F38C-5A71-493A-B9A0-B0F0369C1E54}.Release|iPhoneSimulator.Build.0 = Release|iPhoneSimulator
	EndGlobalSection
	GlobalSection(SolutionProperties) = preSolution
		HideSolutionNode = FALSE
	EndGlobalSection
EndGlobal
